<?xml version="1.0" encoding="utf-8"?>
<Project ToolsVersion="4.0" xmlns="http://schemas.microsoft.com/developer/msbuild/2003">
  <ItemGroup>
    <Filter Include="源文件">
      <UniqueIdentifier>{4FC737F1-C7A5-4376-A066-2A32D752A2FF}</UniqueIdentifier>
      <Extensions>cpp;c;cc;cxx;c++;cppm;ixx;def;odl;idl;hpj;bat;asm;asmx</Extensions>
    </Filter>
    <Filter Include="头文件">
      <UniqueIdentifier>{93995380-89BD-4b04-88EB-625FBE52EBFB}</UniqueIdentifier>
      <Extensions>h;hh;hpp;hxx;h++;hm;inl;inc;ipp;xsd</Extensions>
    </Filter>
    <Filter Include="资源文件">
      <UniqueIdentifier>{67DA6AB6-F800-4c08-8B7A-83BB121AAD01}</UniqueIdentifier>
      <Extensions>rc;ico;cur;bmp;dlg;rc2;rct;bin;rgs;gif;jpg;jpeg;jpe;resx;tiff;tif;png;wav;mfcribbon-ms</Extensions>
    </Filter>
    <Filter Include="源文件\com.Rmdust.Console">
      <UniqueIdentifier>{4856b860-4f0d-4f56-b80c-7a2382df8a35}</UniqueIdentifier>
    </Filter>
    <Filter Include="源文件\com.rmdust.Graphics">
      <UniqueIdentifier>{eac9193f-07a5-4d15-944e-75ddb54d712e}</UniqueIdentifier>
    </Filter>
    <Filter Include="源文件\con.rmdust.Color">
      <UniqueIdentifier>{2aa71b2b-aaf3-48d8-8b26-bca3c35a5615}</UniqueIdentifier>
    </Filter>
  </ItemGroup>
  <ItemGroup>
    <ClCompile Include="Main.c">
      <Filter>源文件</Filter>
    </ClCompile>
    <ClCompile Include="Console.c">
      <Filter>源文件\com.Rmdust.Console</Filter>
    </ClCompile>
    <ClCompile Include="Graphics.c">
      <Filter>源文件\com.rmdust.Graphics</Filter>
    </ClCompile>
  </ItemGroup>
  <ItemGroup>
    <ClInclude Include="Main.h">
      <Filter>源文件</Filter>
    </ClInclude>
    <ClInclude Include="com.rmdust.Console.h">
      <Filter>源文件\com.Rmdust.Console</Filter>
    </ClInclude>
    <ClInclude Include="com.rmdust.Graphics.h">
      <Filter>源文件\com.rmdust.Graphics</Filter>
    </ClInclude>
    <ClInclude Include="com.rmdust.Color.h">
      <Filter>源文件\con.rmdust.Color</Filter>
    </ClInclude>
  </ItemGroup>
</Project>